
Microsoft Visual Studio Solution File, Format Version 12.00
# Visual Studio Version 16
VisualStudioVersion = 16.0.30717.126
MinimumVisualStudioVersion = 10.0.40219.1
Project("{FAE04EC0-301F-11D3-BF4B-00C04F79EFBC}") = "TrainingsPlanApplikation", "TrainingsPlanApplikation\TrainingsPlanApplikation.csproj", "{E49F25D9-8DD6-47E8-A4C1-D5522185A2A1}"
EndProject
Global
	GlobalSection(SolutionConfigurationPlatforms) = preSolution
		Debug|Any CPU = Debug|Any CPU
		Release|Any CPU = Release|Any CPU
	EndGlobalSection
	GlobalSection(ProjectConfigurationPlatforms) = postSolution
		{E49F25D9-8DD6-47E8-A4C1-D5522185A2A1}.Debug|Any CPU.ActiveCfg = Debug|Any CPU
		{E49F25D9-8DD6-47E8-A4C1-D5522185A2A1}.Debug|Any CPU.Build.0 = Debug|Any CPU
		{E49F25D9-8DD6-47E8-A4C1-D5522185A2A1}.Release|Any CPU.ActiveCfg = Release|Any CPU
		{E49F25D9-8DD6-47E8-A4C1-D5522185A2A1}.Release|Any CPU.Build.0 = Release|Any CPU
	EndGlobalSection
	GlobalSection(SolutionProperties) = preSolution
		HideSolutionNode = FALSE
	EndGlobalSection
	GlobalSection(ExtensibilityGlobals) = postSolution
		SolutionGuid = {EEFBE1AA-9EFF-4846-AD73-DCFEC6DDDBD6}
	EndGlobalSection
EndGlobal
